// !$*UTF8*$!
{
	archiveVersion = 1;
	classes = {
	};
	objectVersion = 77;
	objects = {

/* Begin PBXContainerItemProxy section */
		2EDA7D192EFCE90B003BC93E /* PBXContainerItemProxy */ = {
			isa = PBXContainerItemProxy;
			containerPortal = 2EDA7D032EFCE908003BC93E /* Project object */;
			proxyType = 1;
			remoteGlobalIDString = 2EDA7D0A2EFCE908003BC93E;
			remoteInfo = InvoiceRiskDetector;
		};
		2EDA7D232EFCE90B003BC93E /* PBXContainerItemProxy */ = {
			isa = PBXContainerItemProxy;
			containerPortal = 2EDA7D032EFCE908003BC93E /* Project object */;
			proxyType = 1;
			remoteGlobalIDString = 2EDA7D0A2EFCE908003BC93E;
			remoteInfo = InvoiceRiskDetector;
		};
/* End PBXContainerItemProxy section */

/* Begin PBXFileReference section */
		2EDA7D0B2EFCE908003BC93E /* InvoiceRiskDetector.app */ = {isa = PBXFileReference; explicitFileType = wrapper.application; includeInIndex = 0; path = InvoiceRiskDetector.app; sourceTree = BUILT_PRODUCTS_DIR; };
		2EDA7D182EFCE90B003BC93E /* InvoiceRiskDetectorTests.xctest */ = {isa = PBXFileReference; explicitFileType = wrapper.cfbundle; includeInIndex = 0; path = InvoiceRiskDetectorTests.xctest; sourceTree = BUILT_PRODUCTS_DIR; };
		2EDA7D222EFCE90B003BC93E /* InvoiceRiskDetectorUITests.xctest */ = {isa = PBXFileReference; explicitFileType = wrapper.cfbundle; includeInIndex = 0; path = InvoiceRiskDetectorUITests.xctest; sourceTree = BUILT_PRODUCTS_DIR; };
/* End PBXFileReference section */

/* Begin PBXFileSystemSynchronizedRootGroup section */
		2EDA7D0D2EFCE908003BC93E /* InvoiceRiskDetector */ = {
			isa = PBXFileSystemSynchronizedRootGroup;
			path = InvoiceRiskDetector;
			sourceTree = "<group>";
		};
		2EDA7D1B2EFCE90B003BC93E /* InvoiceRiskDetectorTests */ = {
			isa = PBXFileSystemSynchronizedRootGroup;
			path = InvoiceRiskDetectorTests;
			sourceTree = "<group>";
		};
		2EDA7D252EFCE90B003BC93E /* InvoiceRiskDetectorUITests */ = {
			isa = PBXFileSystemSynchronizedRootGroup;
			path = InvoiceRiskDetectorUITests;
			sourceTree = "<group>";
		};
/* End PBXFileSystemSynchronizedRootGroup section */

/* Begin PBXFrameworksBuildPhase section */
		2EDA7D082EFCE908003BC93E /* Frameworks */ = {
			isa = PBXFrameworksBuildPhase;
			buildActionMask = 2147483647;
			files = (
			);
			runOnlyForDeploymentPostprocessing = 0;
		};
		2EDA7D152EFCE90B003BC93E /* Frameworks */ = {
			isa = PBXFrameworksBuildPhase;
			buildActionMask = 2147483647;
			files = (
			);
			runOnlyForDeploymentPostprocessing = 0;
		};
		2EDA7D1F2EFCE90B003BC93E /* Frameworks */ = {
			isa = PBXFrameworksBuildPhase;
			buildActionMask = 2147483647;
			files = (
			);
			runOnlyForDeploymentPostprocessing = 0;
		};
/* End PBXFrameworksBuildPhase section */

/* Begin PBXGroup section */
		2EDA7D022EFCE908003BC93E = {
			isa = PBXGroup;
			children = (
				2EDA7D0D2EFCE908003BC93E /* InvoiceRiskDetector */,
				2EDA7D1B2EFCE90B003BC93E /* InvoiceRiskDetectorTests */,
				2EDA7D252EFCE90B003BC93E /* InvoiceRiskDetectorUITests */,
				2EDA7D0C2EFCE908003BC93E /* Products */,
			);
			sourceTree = "<group>";
		};
		2EDA7D0C2EFCE908003BC93E /* Products */ = {
			isa = PBXGroup;
			children = (
				2EDA7D0B2EFCE908003BC93E /* InvoiceRiskDetector.app */,
				2EDA7D182EFCE90B003BC93E /* InvoiceRiskDetectorTests.xctest */,
				2EDA7D222EFCE90B003BC93E /* InvoiceRiskDetectorUITests.xctest */,
			);
			name = Products;
			sourceTree = "<group>";
		};
/* End PBXGroup section */

/* Begin PBXNativeTarget section */
		2EDA7D0A2EFCE908003BC93E /* InvoiceRiskDetector */ = {
			isa = PBXNativeTarget;
			buildConfigurationList = 2EDA7D2C2EFCE90B003BC93E /* Build configuration list for PBXNativeTarget "InvoiceRiskDetector" */;
			buildPhases = (
				2EDA7D072EFCE908003BC93E /* Sources */,
				2EDA7D082EFCE908003BC93E /* Frameworks */,
				2EDA7D092EFCE908003BC93E /* Resources */,
			);
			buildRules = (
			);
			dependencies = (
			);
			fileSystemSynchronizedGroups = (
				2EDA7D0D2EFCE908003BC93E /* InvoiceRiskDetector */,
			);
			name = InvoiceRiskDetector;
			packageProductDependencies = (
			);
			productName = InvoiceRiskDetector;
			productReference = 2EDA7D0B2EFCE908003BC93E /* InvoiceRiskDetector.app */;
			productType = "com.apple.product-type.application";
		};
		2EDA7D172EFCE90B003BC93E /* InvoiceRiskDetectorTests */ = {
			isa = PBXNativeTarget;
			buildConfigurationList = 2EDA7D2F2EFCE90B003BC93E /* Build configuration list for PBXNativeTarget "InvoiceRiskDetectorTests" */;
			buildPhases = (
				2EDA7D142EFCE90B003BC93E /* Sources */,
				2EDA7D152EFCE90B003BC93E /* Frameworks */,
				2EDA7D162EFCE90B003BC93E /* Resources */,
			);
			buildRules = (
			);
			dependencies = (
				2EDA7D1A2EFCE90B003BC93E /* PBXTargetDependency */,
			);
			fileSystemSynchronizedGroups = (
				2EDA7D1B2EFCE90B003BC93E /* InvoiceRiskDetectorTests */,
			);
			name = InvoiceRiskDetectorTests;
			packageProductDependencies = (
			);
			productName = InvoiceRiskDetectorTests;
			productReference = 2EDA7D182EFCE90B003BC93E /* InvoiceRiskDetectorTests.xctest */;
			productType = "com.apple.product-type.bundle.unit-test";
		};
		2EDA7D212EFCE90B003BC93E /* InvoiceRiskDetectorUITests */ = {
			isa = PBXNativeTarget;
			buildConfigurationList = 2EDA7D322EFCE90B003BC93E /* Build configuration list for PBXNativeTarget "InvoiceRiskDetectorUITests" */;
			buildPhases = (
				2EDA7D1E2EFCE90B003BC93E /* Sources */,
				2EDA7D1F2EFCE90B003BC93E /* Frameworks */,
				2EDA7D202EFCE90B003BC93E /* Resources */,
			);
			buildRules = (
			);
			dependencies = (
				2EDA7D242EFCE90B003BC93E /* PBXTargetDependency */,
			);
			fileSystemSynchronizedGroups = (
				2EDA7D252EFCE90B003BC93E /* InvoiceRiskDetectorUITests */,
			);
			name = InvoiceRiskDetectorUITests;
			packageProductDependencies = (
			);
			productName = InvoiceRiskDetectorUITests;
			productReference = 2EDA7D222EFCE90B003BC93E /* InvoiceRiskDetectorUITests.xctest */;
			productType = "com.apple.product-type.bundle.ui-testing";
		};
/* End PBXNativeTarget section */

/* Begin PBXProject section */
		2EDA7D032EFCE908003BC93E /* Project object */ = {
			isa = PBXProject;
			attributes = {
				BuildIndependentTargetsInParallel = 1;
				LastSwiftUpdateCheck = 2620;
				LastUpgradeCheck = 2620;
				TargetAttributes = {
					2EDA7D0A2EFCE908003BC93E = {
						CreatedOnToolsVersion = 26.2;
					};
					2EDA7D172EFCE90B003BC93E = {
						CreatedOnToolsVersion = 26.2;
						TestTargetID = 2EDA7D0A2EFCE908003BC93E;
					};
					2EDA7D212EFCE90B003BC93E = {
						CreatedOnToolsVersion = 26.2;
						TestTargetID = 2EDA7D0A2EFCE908003BC93E;
					};
				};
			};
			buildConfigurationList = 2EDA7D062EFCE908003BC93E /* Build configuration list for PBXProject "InvoiceRiskDetector" */;
			developmentRegion = en;
			hasScannedForEncodings = 0;
			knownRegions = (
				en,
				Base,
			);
			mainGroup = 2EDA7D022EFCE908003BC93E;
			minimizedProjectReferenceProxies = 1;
			preferredProjectObjectVersion = 77;
			productRefGroup = 2EDA7D0C2EFCE908003BC93E /* Products */;
			projectDirPath = "";
			projectRoot = "";
			targets = (
				2EDA7D0A2EFCE908003BC93E /* InvoiceRiskDetector */,
				2EDA7D172EFCE90B003BC93E /* InvoiceRiskDetectorTests */,
				2EDA7D212EFCE90B003BC93E /* InvoiceRiskDetectorUITests */,
			);
		};
/* End PBXProject section */

/* Begin PBXResourcesBuildPhase section */
		2EDA7D092EFCE908003BC93E /* Resources */ = {
			isa = PBXResourcesBuildPhase;
			buildActionMask = 2147483647;
			files = (
			);
			runOnlyForDeploymentPostprocessing = 0;
		};
		2EDA7D162EFCE90B003BC93E /* Resources */ = {
			isa = PBXResourcesBuildPhase;
			buildActionMask = 2147483647;
			files = (
			);
			runOnlyForDeploymentPostprocessing = 0;
		};
		2EDA7D202EFCE90B003BC93E /* Resources */ = {
			isa = PBXResourcesBuildPhase;
			buildActionMask = 2147483647;
			files = (
			);
			runOnlyForDeploymentPostprocessing = 0;
		};
/* End PBXResourcesBuildPhase section */

/* Begin PBXSourcesBuildPhase section */
		2EDA7D072EFCE908003BC93E /* Sources */ = {
			isa = PBXSourcesBuildPhase;
			buildActionMask = 2147483647;
			files = (
			);
			runOnlyForDeploymentPostprocessing = 0;
		};
		2EDA7D142EFCE90B003BC93E /* Sources */ = {
			isa = PBXSourcesBuildPhase;
			buildActionMask = 2147483647;
			files = (
			);
			runOnlyForDeploymentPostprocessing = 0;
		};
		2EDA7D1E2EFCE90B003BC93E /* Sources */ = {
			isa = PBXSourcesBuildPhase;
			buildActionMask = 2147483647;
			files = (
			);
			runOnlyForDeploymentPostprocessing = 0;
		};
/* End PBXSourcesBuildPhase section */

/* Begin PBXTargetDependency section */
		2EDA7D1A2EFCE90B003BC93E /* PBXTargetDependency */ = {
			isa = PBXTargetDependency;
			target = 2EDA7D0A2EFCE908003BC93E /* InvoiceRiskDetector */;
			targetProxy = 2EDA7D192EFCE90B003BC93E /* PBXContainerItemProxy */;
		};
		2EDA7D242EFCE90B003BC93E /* PBXTargetDependency */ = {
			isa = PBXTargetDependency;
			target = 2EDA7D0A2EFCE908003BC93E /* InvoiceRiskDetector */;
			targetProxy = 2EDA7D232EFCE90B003BC93E /* PBXContainerItemProxy */;
		};
/* End PBXTargetDependency section */

/* Begin XCBuildConfiguration section */
		2EDA7D2A2EFCE90B003BC93E /* Debug */ = {
			isa = XCBuildConfiguration;
			buildSettings = {
				ALWAYS_SEARCH_USER_PATHS = NO;
				ASSETCATALOG_COMPILER_GENERATE_SWIFT_ASSET_SYMBOL_EXTENSIONS = YES;
				CLANG_ANALYZER_NONNULL = YES;
				CLANG_ANALYZER_NUMBER_OBJECT_CONVERSION = YES_AGGRESSIVE;
				CLANG_CXX_LANGUAGE_STANDARD = "gnu++20";
				CLANG_ENABLE_MODULES = YES;
				CLANG_ENABLE_OBJC_ARC = YES;
				CLANG_ENABLE_OBJC_WEAK = YES;
				CLANG_WARN_BLOCK_CAPTURE_AUTORELEASING = YES;
				CLANG_WARN_BOOL_CONVERSION = YES;
				CLANG_WARN_COMMA = YES;
				CLANG_WARN_CONSTANT_CONVERSION = YES;
				CLANG_WARN_DEPRECATED_OBJC_IMPLEMENTATIONS = YES;
				CLANG_WARN_DIRECT_OBJC_ISA_USAGE = YES_ERROR;
				CLANG_WARN_DOCUMENTATION_COMMENTS = YES;
				CLANG_WARN_EMPTY_BODY = YES;
				CLANG_WARN_ENUM_CONVERSION = YES;
				CLANG_WARN_INFINITE_RECURSION = YES;
				CLANG_WARN_INT_CONVERSION = YES;
				CLANG_WARN_NON_LITERAL_NULL_CONVERSION = YES;
				CLANG_WARN_OBJC_IMPLICIT_RETAIN_SELF = YES;
				CLANG_WARN_OBJC_LITERAL_CONVERSION = YES;
				CLANG_WARN_OBJC_ROOT_CLASS = YES_ERROR;
				CLANG_WARN_QUOTED_INCLUDE_IN_FRAMEWORK_HEADER = YES;
				CLANG_WARN_RANGE_LOOP_ANALYSIS = YES;
				CLANG_WARN_STRICT_PROTOTYPES = YES;
				CLANG_WARN_SUSPICIOUS_MOVE = YES;
				CLANG_WARN_UNGUARDED_AVAILABILITY = YES_AGGRESSIVE;
				CLANG_WARN_UNREACHABLE_CODE = YES;
				CLANG_WARN__DUPLICATE_METHOD_MATCH = YES;
				COPY_PHASE_STRIP = NO;
				DEBUG_INFORMATION_FORMAT = dwarf;
				DEVELOPMENT_TEAM = VVT57MX44P;
				ENABLE_STRICT_OBJC_MSGSEND = YES;
				ENABLE_TESTABILITY = YES;
				ENABLE_USER_SCRIPT_SANDBOXING = YES;
				GCC_C_LANGUAGE_STANDARD = gnu17;
				GCC_DYNAMIC_NO_PIC = NO;
				GCC_NO_COMMON_BLOCKS = YES;
				GCC_OPTIMIZATION_LEVEL = 0;
				GCC_PREPROCESSOR_DEFINITIONS = (
					"DEBUG=1",
					"$(inherited)",
				);
				GCC_WARN_64_TO_32_BIT_CONVERSION = YES;
				GCC_WARN_ABOUT_RETURN_TYPE = YES_ERROR;
				GCC_WARN_UNDECLARED_SELECTOR = YES;
				GCC_WARN_UNINITIALIZED_AUTOS = YES_AGGRESSIVE;
				GCC_WARN_UNUSED_FUNCTION = YES;
				GCC_WARN_UNUSED_VARIABLE = YES;
				IPHONEOS_DEPLOYMENT_TARGET = 26.2;
				LOCALIZATION_PREFERS_STRING_CATALOGS = YES;
				MTL_ENABLE_DEBUG_INFO = INCLUDE_SOURCE;
				MTL_FAST_MATH = YES;
				ONLY_ACTIVE_ARCH = YES;
				SDKROOT = iphoneos;
				SWIFT_ACTIVE_COMPILATION_CONDITIONS = "DEBUG $(inherited)";
				SWIFT_OPTIMIZATION_LEVEL = "-Onone";
			};
			name = Debug;
		};
		2EDA7D2B2EFCE90B003BC93E /* Release */ = {
			isa = XCBuildConfiguration;
			buildSettings = {
				ALWAYS_SEARCH_USER_PATHS = NO;
				ASSETCATALOG_COMPILER_GENERATE_SWIFT_ASSET_SYMBOL_EXTENSIONS = YES;
				CLANG_ANALYZER_NONNULL = YES;
				CLANG_ANALYZER_NUMBER_OBJECT_CONVERSION = YES_AGGRESSIVE;
				CLANG_CXX_LANGUAGE_STANDARD = "gnu++20";
				CLANG_ENABLE_MODULES = YES;
				CLANG_ENABLE_OBJC_ARC = YES;
				CLANG_ENABLE_OBJC_WEAK = YES;
				CLANG_WARN_BLOCK_CAPTURE_AUTORELEASING = YES;
				CLANG_WARN_BOOL_CONVERSION = YES;
				CLANG_WARN_COMMA = YES;
				CLANG_WARN_CONSTANT_CONVERSION = YES;
				CLANG_WARN_DEPRECATED_OBJC_IMPLEMENTATIONS = YES;
				CLANG_WARN_DIRECT_OBJC_ISA_USAGE = YES_ERROR;
				CLANG_WARN_DOCUMENTATION_COMMENTS = YES;
				CLANG_WARN_EMPTY_BODY = YES;
				CLANG_WARN_ENUM_CONVERSION = YES;
				CLANG_WARN_INFINITE_RECURSION = YES;
				CLANG_WARN_INT_CONVERSION = YES;
				CLANG_WARN_NON_LITERAL_NULL_CONVERSION = YES;
				CLANG_WARN_OBJC_IMPLICIT_RETAIN_SELF = YES;
				CLANG_WARN_OBJC_LITERAL_CONVERSION = YES;
				CLANG_WARN_OBJC_ROOT_CLASS = YES_ERROR;
				CLANG_WARN_QUOTED_INCLUDE_IN_FRAMEWORK_HEADER = YES;
				CLANG_WARN_RANGE_LOOP_ANALYSIS = YES;
				CLANG_WARN_STRICT_PROTOTYPES = YES;
				CLANG_WARN_SUSPICIOUS_MOVE = YES;
				CLANG_WARN_UNGUARDED_AVAILABILITY = YES_AGGRESSIVE;
				CLANG_WARN_UNREACHABLE_CODE = YES;
				CLANG_WARN__DUPLICATE_METHOD_MATCH = YES;
				COPY_PHASE_STRIP = NO;
				DEBUG_INFORMATION_FORMAT = "dwarf-with-dsym";
				DEVELOPMENT_TEAM = VVT57MX44P;
				ENABLE_NS_ASSERTIONS = NO;
				ENABLE_STRICT_OBJC_MSGSEND = YES;
				ENABLE_USER_SCRIPT_SANDBOXING = YES;
				GCC_C_LANGUAGE_STANDARD = gnu17;
				GCC_NO_COMMON_BLOCKS = YES;
				GCC_WARN_64_TO_32_BIT_CONVERSION = YES;
				GCC_WARN_ABOUT_RETURN_TYPE = YES_ERROR;
				GCC_WARN_UNDECLARED_SELECTOR = YES;
				GCC_WARN_UNINITIALIZED_AUTOS = YES_AGGRESSIVE;
				GCC_WARN_UNUSED_FUNCTION = YES;
				GCC_WARN_UNUSED_VARIABLE = YES;
				IPHONEOS_DEPLOYMENT_TARGET = 26.2;
				LOCALIZATION_PREFERS_STRING_CATALOGS = YES;
				MTL_ENABLE_DEBUG_INFO = NO;
				MTL_FAST_MATH = YES;
				SDKROOT = iphoneos;
				SWIFT_COMPILATION_MODE = wholemodule;
				VALIDATE_PRODUCT = YES;
			};
			name = Release;
		};
		2EDA7D2D2EFCE90B003BC93E /* Debug */ = {
			isa = XCBuildConfiguration;
			buildSettings = {
				ASSETCATALOG_COMPILER_APPICON_NAME = AppIcon;
				ASSETCATALOG_COMPILER_GLOBAL_ACCENT_COLOR_NAME = AccentColor;
				CODE_SIGN_STYLE = Automatic;
				CURRENT_PROJECT_VERSION = 1;
				DEVELOPMENT_TEAM = VVT57MX44P;
				ENABLE_PREVIEWS = YES;
				GENERATE_INFOPLIST_FILE = YES;
				INFOPLIST_KEY_UIApplicationSceneManifest_Generation = YES;
				INFOPLIST_KEY_UIApplicationSupportsIndirectInputEvents = YES;
				INFOPLIST_KEY_UILaunchScreen_Generation = YES;
				INFOPLIST_KEY_UISupportedInterfaceOrientations_iPad = "UIInterfaceOrientationPortrait UIInterfaceOrientationPortraitUpsideDown UIInterfaceOrientationLandscapeLeft UIInterfaceOrientationLandscapeRight";
				INFOPLIST_KEY_UISupportedInterfaceOrientations_iPhone = "UIInterfaceOrientationPortrait UIInterfaceOrientationLandscapeLeft UIInterfaceOrientationLandscapeRight";
				LD_RUNPATH_SEARCH_PATHS = (
					"$(inherited)",
					"@executable_path/Frameworks",
				);
				MARKETING_VERSION = 1.0;
				PRODUCT_BUNDLE_IDENTIFIER = com.rohithvasam.InvoiceRiskDetector;
				PRODUCT_NAME = "$(TARGET_NAME)";
				STRING_CATALOG_GENERATE_SYMBOLS = YES;
				SWIFT_APPROACHABLE_CONCURRENCY = YES;
				SWIFT_DEFAULT_ACTOR_ISOLATION = MainActor;
				SWIFT_EMIT_LOC_STRINGS = YES;
				SWIFT_UPCOMING_FEATURE_MEMBER_IMPORT_VISIBILITY = YES;
				SWIFT_VERSION = 5.0;
				TARGETED_DEVICE_FAMILY = "1,2";
			};
			name = Debug;
		};
		2EDA7D2E2EFCE90B003BC93E /* Release */ = {
			isa = XCBuildConfiguration;
			buildSettings = {
				ASSETCATALOG_COMPILER_APPICON_NAME = AppIcon;
				ASSETCATALOG_COMPILER_GLOBAL_ACCENT_COLOR_NAME = AccentColor;
				CODE_SIGN_STYLE = Automatic;
				CURRENT_PROJECT_VERSION = 1;
				DEVELOPMENT_TEAM = VVT57MX44P;
				ENABLE_PREVIEWS = YES;
				GENERATE_INFOPLIST_FILE = YES;
				INFOPLIST_KEY_UIApplicationSceneManifest_Generation = YES;
				INFOPLIST_KEY_UIApplicationSupportsIndirectInputEvents = YES;
				INFOPLIST_KEY_UILaunchScreen_Generation = YES;
				INFOPLIST_KEY_UISupportedInterfaceOrientations_iPad = "UIInterfaceOrientationPortrait UIInterfaceOrientationPortraitUpsideDown UIInterfaceOrientationLandscapeLeft UIInterfaceOrientationLandscapeRight";
				INFOPLIST_KEY_UISupportedInterfaceOrientations_iPhone = "UIInterfaceOrientationPortrait UIInterfaceOrientationLandscapeLeft UIInterfaceOrientationLandscapeRight";
				LD_RUNPATH_SEARCH_PATHS = (
					"$(inherited)",
					"@executable_path/Frameworks",
				);
				MARKETING_VERSION = 1.0;
				PRODUCT_BUNDLE_IDENTIFIER = com.rohithvasam.InvoiceRiskDetector;
				PRODUCT_NAME = "$(TARGET_NAME)";
				STRING_CATALOG_GENERATE_SYMBOLS = YES;
				SWIFT_APPROACHABLE_CONCURRENCY = YES;
				SWIFT_DEFAULT_ACTOR_ISOLATION = MainActor;
				SWIFT_EMIT_LOC_STRINGS = YES;
				SWIFT_UPCOMING_FEATURE_MEMBER_IMPORT_VISIBILITY = YES;
				SWIFT_VERSION = 5.0;
				TARGETED_DEVICE_FAMILY = "1,2";
			};
			name = Release;
		};
		2EDA7D302EFCE90B003BC93E /* Debug */ = {
			isa = XCBuildConfiguration;
			buildSettings = {
				BUNDLE_LOADER = "$(TEST_HOST)";
				CODE_SIGN_STYLE = Automatic;
				CURRENT_PROJECT_VERSION = 1;
				DEVELOPMENT_TEAM = VVT57MX44P;
				GENERATE_INFOPLIST_FILE = YES;
				IPHONEOS_DEPLOYMENT_TARGET = 26.2;
				MARKETING_VERSION = 1.0;
				PRODUCT_BUNDLE_IDENTIFIER = com.rohithvasam.InvoiceRiskDetectorTests;
				PRODUCT_NAME = "$(TARGET_NAME)";
				STRING_CATALOG_GENERATE_SYMBOLS = NO;
				SWIFT_APPROACHABLE_CONCURRENCY = YES;
				SWIFT_EMIT_LOC_STRINGS = NO;
				SWIFT_UPCOMING_FEATURE_MEMBER_IMPORT_VISIBILITY = YES;
				SWIFT_VERSION = 5.0;
				TARGETED_DEVICE_FAMILY = "1,2";
				TEST_HOST = "$(BUILT_PRODUCTS_DIR)/InvoiceRiskDetector.app/$(BUNDLE_EXECUTABLE_FOLDER_PATH)/InvoiceRiskDetector";
			};
			name = Debug;
		};
		2EDA7D312EFCE90B003BC93E /* Release */ = {
			isa = XCBuildConfiguration;
			buildSettings = {
				BUNDLE_LOADER = "$(TEST_HOST)";
				CODE_SIGN_STYLE = Automatic;
				CURRENT_PROJECT_VERSION = 1;
				DEVELOPMENT_TEAM = VVT57MX44P;
				GENERATE_INFOPLIST_FILE = YES;
				IPHONEOS_DEPLOYMENT_TARGET = 26.2;
				MARKETING_VERSION = 1.0;
				PRODUCT_BUNDLE_IDENTIFIER = com.rohithvasam.InvoiceRiskDetectorTests;
				PRODUCT_NAME = "$(TARGET_NAME)";
				STRING_CATALOG_GENERATE_SYMBOLS = NO;
				SWIFT_APPROACHABLE_CONCURRENCY = YES;
				SWIFT_EMIT_LOC_STRINGS = NO;
				SWIFT_UPCOMING_FEATURE_MEMBER_IMPORT_VISIBILITY = YES;
				SWIFT_VERSION = 5.0;
				TARGETED_DEVICE_FAMILY = "1,2";
				TEST_HOST = "$(BUILT_PRODUCTS_DIR)/InvoiceRiskDetector.app/$(BUNDLE_EXECUTABLE_FOLDER_PATH)/InvoiceRiskDetector";
			};
			name = Release;
		};
		2EDA7D332EFCE90B003BC93E /* Debug */ = {
			isa = XCBuildConfiguration;
			buildSettings = {
				CODE_SIGN_STYLE = Automatic;
				CURRENT_PROJECT_VERSION = 1;
				DEVELOPMENT_TEAM = VVT57MX44P;
				GENERATE_INFOPLIST_FILE = YES;
				MARKETING_VERSION = 1.0;
				PRODUCT_BUNDLE_IDENTIFIER = com.rohithvasam.InvoiceRiskDetectorUITests;
				PRODUCT_NAME = "$(TARGET_NAME)";
				STRING_CATALOG_GENERATE_SYMBOLS = NO;
				SWIFT_APPROACHABLE_CONCURRENCY = YES;
				SWIFT_EMIT_LOC_STRINGS = NO;
				SWIFT_UPCOMING_FEATURE_MEMBER_IMPORT_VISIBILITY = YES;
				SWIFT_VERSION = 5.0;
				TARGETED_DEVICE_FAMILY = "1,2";
				TEST_TARGET_NAME = InvoiceRiskDetector;
			};
			name = Debug;
		};
		2EDA7D342EFCE90B003BC93E /* Release */ = {
			isa = XCBuildConfiguration;
			buildSettings = {
				CODE_SIGN_STYLE = Automatic;
				CURRENT_PROJECT_VERSION = 1;
				DEVELOPMENT_TEAM = VVT57MX44P;
				GENERATE_INFOPLIST_FILE = YES;
				MARKETING_VERSION = 1.0;
				PRODUCT_BUNDLE_IDENTIFIER = com.rohithvasam.InvoiceRiskDetectorUITests;
				PRODUCT_NAME = "$(TARGET_NAME)";
				STRING_CATALOG_GENERATE_SYMBOLS = NO;
				SWIFT_APPROACHABLE_CONCURRENCY = YES;
				SWIFT_EMIT_LOC_STRINGS = NO;
				SWIFT_UPCOMING_FEATURE_MEMBER_IMPORT_VISIBILITY = YES;
				SWIFT_VERSION = 5.0;
				TARGETED_DEVICE_FAMILY = "1,2";
				TEST_TARGET_NAME = InvoiceRiskDetector;
			};
			name = Release;
		};
/* End XCBuildConfiguration section */

/* Begin XCConfigurationList section */
		2EDA7D062EFCE908003BC93E /* Build configuration list for PBXProject "InvoiceRiskDetector" */ = {
			isa = XCConfigurationList;
			buildConfigurations = (
				2EDA7D2A2EFCE90B003BC93E /* Debug */,
				2EDA7D2B2EFCE90B003BC93E /* Release */,
			);
			defaultConfigurationIsVisible = 0;
			defaultConfigurationName = Release;
		};
		2EDA7D2C2EFCE90B003BC93E /* Build configuration list for PBXNativeTarget "InvoiceRiskDetector" */ = {
			isa = XCConfigurationList;
			buildConfigurations = (
				2EDA7D2D2EFCE90B003BC93E /* Debug */,
				2EDA7D2E2EFCE90B003BC93E /* Release */,
			);
			defaultConfigurationIsVisible = 0;
			defaultConfigurationName = Release;
		};
		2EDA7D2F2EFCE90B003BC93E /* Build configuration list for PBXNativeTarget "InvoiceRiskDetectorTests" */ = {
			isa = XCConfigurationList;
			buildConfigurations = (
				2EDA7D302EFCE90B003BC93E /* Debug */,
				2EDA7D312EFCE90B003BC93E /* Release */,
			);
			defaultConfigurationIsVisible = 0;
			defaultConfigurationName = Release;
		};
		2EDA7D322EFCE90B003BC93E /* Build configuration list for PBXNativeTarget "InvoiceRiskDetectorUITests" */ = {
			isa = XCConfigurationList;
			buildConfigurations = (
				2EDA7D332EFCE90B003BC93E /* Debug */,
				2EDA7D342EFCE90B003BC93E /* Release */,
			);
			defaultConfigurationIsVisible = 0;
			defaultConfigurationName = Release;
		};
/* End XCConfigurationList section */
	};
	rootObject = 2EDA7D032EFCE908003BC93E /* Project object */;
}
